// !$*UTF8*$!
{
	archiveVersion = 1;
	classes = {
	};
	objectVersion = 50;
	objects = {

/* Begin PBXBuildFile section */
		2169D11E2088292B0035DB7F /* Info.plist in Resources */ = {isa = PBXBuildFile; fileRef = 2169D1042088292B0035DB7F /* Info.plist */; };
		2169D11F2088292B0035DB7F /* MASCompositeConstraint.m in Sources */ = {isa = PBXBuildFile; fileRef = 2169D1062088292B0035DB7F /* MASCompositeConstraint.m */; };
		2169D1202088292B0035DB7F /* MASConstraint.m in Sources */ = {isa = PBXBuildFile; fileRef = 2169D1092088292B0035DB7F /* MASConstraint.m */; };
		2169D1212088292B0035DB7F /* MASConstraintMaker.m in Sources */ = {isa = PBXBuildFile; fileRef = 2169D10B2088292B0035DB7F /* MASConstraintMaker.m */; };
		2169D1222088292B0035DB7F /* MASLayoutConstraint.m in Sources */ = {isa = PBXBuildFile; fileRef = 2169D10D2088292B0035DB7F /* MASLayoutConstraint.m */; };
		2169D1232088292B0035DB7F /* MASViewAttribute.m in Sources */ = {isa = PBXBuildFile; fileRef = 2169D1112088292B0035DB7F /* MASViewAttribute.m */; };
		2169D1242088292B0035DB7F /* MASViewConstraint.m in Sources */ = {isa = PBXBuildFile; fileRef = 2169D1132088292B0035DB7F /* MASViewConstraint.m */; };
		2169D1252088292B0035DB7F /* NSArray+MASAdditions.m in Sources */ = {isa = PBXBuildFile; fileRef = 2169D1152088292B0035DB7F /* NSArray+MASAdditions.m */; };
		2169D1262088292B0035DB7F /* NSLayoutConstraint+MASDebugAdditions.m in Sources */ = {isa = PBXBuildFile; fileRef = 2169D1182088292B0035DB7F /* NSLayoutConstraint+MASDebugAdditions.m */; };
		2169D1272088292B0035DB7F /* View+MASAdditions.m in Sources */ = {isa = PBXBuildFile; fileRef = 2169D11A2088292B0035DB7F /* View+MASAdditions.m */; };
		2169D1282088292B0035DB7F /* ViewController+MASAdditions.m in Sources */ = {isa = PBXBuildFile; fileRef = 2169D11D2088292B0035DB7F /* ViewController+MASAdditions.m */; };
		2169D12E2088370E0035DB7F /* DockViewController.m in Sources */ = {isa = PBXBuildFile; fileRef = 2169D12D2088370E0035DB7F /* DockViewController.m */; };
		2169D13120883FC00035DB7F /* JSSplitViewController.m in Sources */ = {isa = PBXBuildFile; fileRef = 2169D12F20883FBF0035DB7F /* JSSplitViewController.m */; };
		2169D1392088400B0035DB7F /* JSMasterButton.m in Sources */ = {isa = PBXBuildFile; fileRef = 2169D1352088400B0035DB7F /* JSMasterButton.m */; };
		2169D13A2088400B0035DB7F /* JSDetailViewController.m in Sources */ = {isa = PBXBuildFile; fileRef = 2169D1372088400B0035DB7F /* JSDetailViewController.m */; };
		2169D13B2088400B0035DB7F /* JSMasterViewController.m in Sources */ = {isa = PBXBuildFile; fileRef = 2169D1382088400B0035DB7F /* JSMasterViewController.m */; };
		2169D143208840920035DB7F /* UIColor+RandomColor.m in Sources */ = {isa = PBXBuildFile; fileRef = 2169D13F208840920035DB7F /* UIColor+RandomColor.m */; };
		2169D144208840920035DB7F /* UIImage+Color.m in Sources */ = {isa = PBXBuildFile; fileRef = 2169D142208840920035DB7F /* UIImage+Color.m */; };
		2169D147208840F00035DB7F /* JSMasterItem.m in Sources */ = {isa = PBXBuildFile; fileRef = 2169D146208840EF0035DB7F /* JSMasterItem.m */; };
		2169D14B208842910035DB7F /* JSMasterViewModel.m in Sources */ = {isa = PBXBuildFile; fileRef = 2169D14A208842910035DB7F /* JSMasterViewModel.m */; };
		2169D14F208842CA0035DB7F /* JSComposeViewController.m in Sources */ = {isa = PBXBuildFile; fileRef = 2169D14E208842CA0035DB7F /* JSComposeViewController.m */; };
		2169D15620884A070035DB7F /* AdminModel.m in Sources */ = {isa = PBXBuildFile; fileRef = 2169D15520884A070035DB7F /* AdminModel.m */; };
		2169D15920884B630035DB7F /* LoginView.m in Sources */ = {isa = PBXBuildFile; fileRef = 2169D15820884B630035DB7F /* LoginView.m */; };
		2169D15B20884B710035DB7F /* LoginView.xib in Resources */ = {isa = PBXBuildFile; fileRef = 2169D15A20884B710035DB7F /* LoginView.xib */; };
		2169D15E20885A4E0035DB7F /* FixPasswordView.m in Sources */ = {isa = PBXBuildFile; fileRef = 2169D15D20885A4E0035DB7F /* FixPasswordView.m */; };
		2169D16020885A540035DB7F /* FixPasswordView.xib in Resources */ = {isa = PBXBuildFile; fileRef = 2169D15F20885A540035DB7F /* FixPasswordView.xib */; };
		2169D16720885B1F0035DB7F /* UIView+Create.m in Sources */ = {isa = PBXBuildFile; fileRef = 2169D16220885B1F0035DB7F /* UIView+Create.m */; };
		2169D16820885B1F0035DB7F /* UIViewController+Create.m in Sources */ = {isa = PBXBuildFile; fileRef = 2169D16520885B1F0035DB7F /* UIViewController+Create.m */; };
		2169D16920885B1F0035DB7F /* UIStoryboard+Addition.m in Sources */ = {isa = PBXBuildFile; fileRef = 2169D16620885B1F0035DB7F /* UIStoryboard+Addition.m */; };
		21F1FD31208732F9000C346D /* AppDelegate.m in Sources */ = {isa = PBXBuildFile; fileRef = 21F1FD30208732F9000C346D /* AppDelegate.m */; };
		21F1FD34208732F9000C346D /* ViewController.m in Sources */ = {isa = PBXBuildFile; fileRef = 21F1FD33208732F9000C346D /* ViewController.m */; };
		21F1FD37208732F9000C346D /* Main.storyboard in Resources */ = {isa = PBXBuildFile; fileRef = 21F1FD35208732F9000C346D /* Main.storyboard */; };
		21F1FD39208732FA000C346D /* Assets.xcassets in Resources */ = {isa = PBXBuildFile; fileRef = 21F1FD38208732FA000C346D /* Assets.xcassets */; };
		21F1FD3C208732FA000C346D /* LaunchScreen.storyboard in Resources */ = {isa = PBXBuildFile; fileRef = 21F1FD3A208732FA000C346D /* LaunchScreen.storyboard */; };
		21F1FD3F208732FA000C346D /* main.m in Sources */ = {isa = PBXBuildFile; fileRef = 21F1FD3E208732FA000C346D /* main.m */; };
		21F1FD4720873311000C346D /* Dock.m in Sources */ = {isa = PBXBuildFile; fileRef = 21F1FD4620873311000C346D /* Dock.m */; };
		21F1FD4D208733B3000C346D /* DockItem.m in Sources */ = {isa = PBXBuildFile; fileRef = 21F1FD4C208733B3000C346D /* DockItem.m */; };
		21F1FD54208744DE000C346D /* TabItem.m in Sources */ = {isa = PBXBuildFile; fileRef = 21F1FD53208744DE000C346D /* TabItem.m */; };
		21F1FD5720874BCB000C346D /* MainController.m in Sources */ = {isa = PBXBuildFile; fileRef = 21F1FD5620874BCB000C346D /* MainController.m */; };
		21F1FD7E20876508000C346D /* Tool.m in Sources */ = {isa = PBXBuildFile; fileRef = 21F1FD7D20876508000C346D /* Tool.m */; };
		21F1FD8220876960000C346D /* PersonalCenterController.m in Sources */ = {isa = PBXBuildFile; fileRef = 21F1FD8020876960000C346D /* PersonalCenterController.m */; };
		21F1FD8320876960000C346D /* PersonalCenterController.xib in Resources */ = {isa = PBXBuildFile; fileRef = 21F1FD8120876960000C346D /* PersonalCenterController.xib */; };
		21F1FD8720877416000C346D /* WaitingWorkController.m in Sources */ = {isa = PBXBuildFile; fileRef = 21F1FD8520877416000C346D /* WaitingWorkController.m */; };
		21F1FD8820877416000C346D /* WaitingWorkController.xib in Resources */ = {isa = PBXBuildFile; fileRef = 21F1FD8620877416000C346D /* WaitingWorkController.xib */; };
		21F1FD8C20877429000C346D /* WorkingController.m in Sources */ = {isa = PBXBuildFile; fileRef = 21F1FD8A20877429000C346D /* WorkingController.m */; };
		21F1FD8D20877429000C346D /* WorkingController.xib in Resources */ = {isa = PBXBuildFile; fileRef = 21F1FD8B20877429000C346D /* WorkingController.xib */; };
		21F1FD9120877436000C346D /* MessageViewController.m in Sources */ = {isa = PBXBuildFile; fileRef = 21F1FD8F20877436000C346D /* MessageViewController.m */; };
		21F1FD9220877436000C346D /* MessageViewController.xib in Resources */ = {isa = PBXBuildFile; fileRef = 21F1FD9020877436000C346D /* MessageViewController.xib */; };
/* End PBXBuildFile section */

/* Begin PBXFileReference section */
		2169D1042088292B0035DB7F /* Info.plist */ = {isa = PBXFileReference; fileEncoding = 4; lastKnownFileType = text.plist.xml; path = Info.plist; sourceTree = "<group>"; };
		2169D1052088292B0035DB7F /* MASCompositeConstraint.h */ = {isa = PBXFileReference; fileEncoding = 4; lastKnownFileType = sourcecode.c.h; path = MASCompositeConstraint.h; sourceTree = "<group>"; };
		2169D1062088292B0035DB7F /* MASCompositeConstraint.m */ = {isa = PBXFileReference; fileEncoding = 4; lastKnownFileType = sourcecode.c.objc; path = MASCompositeConstraint.m; sourceTree = "<group>"; };
		2169D1072088292B0035DB7F /* MASConstraint+Private.h */ = {isa = PBXFileReference; fileEncoding = 4; lastKnownFileType = sourcecode.c.h; path = "MASConstraint+Private.h"; sourceTree = "<group>"; };
		2169D1082088292B0035DB7F /* MASConstraint.h */ = {isa = PBXFileReference; fileEncoding = 4; lastKnownFileType = sourcecode.c.h; path = MASConstraint.h; sourceTree = "<group>"; };
		2169D1092088292B0035DB7F /* MASConstraint.m */ = {isa = PBXFileReference; fileEncoding = 4; lastKnownFileType = sourcecode.c.objc; path = MASConstraint.m; sourceTree = "<group>"; };
		2169D10A2088292B0035DB7F /* MASConstraintMaker.h */ = {isa = PBXFileReference; fileEncoding = 4; lastKnownFileType = sourcecode.c.h; path = MASConstraintMaker.h; sourceTree = "<group>"; };
		2169D10B2088292B0035DB7F /* MASConstraintMaker.m */ = {isa = PBXFileReference; fileEncoding = 4; lastKnownFileType = sourcecode.c.objc; path = MASConstraintMaker.m; sourceTree = "<group>"; };
		2169D10C2088292B0035DB7F /* MASLayoutConstraint.h */ = {isa = PBXFileReference; fileEncoding = 4; lastKnownFileType = sourcecode.c.h; path = MASLayoutConstraint.h; sourceTree = "<group>"; };
		2169D10D2088292B0035DB7F /* MASLayoutConstraint.m */ = {isa = PBXFileReference; fileEncoding = 4; lastKnownFileType = sourcecode.c.objc; path = MASLayoutConstraint.m; sourceTree = "<group>"; };
		2169D10E2088292B0035DB7F /* Masonry.h */ = {isa = PBXFileReference; fileEncoding = 4; lastKnownFileType = sourcecode.c.h; path = Masonry.h; sourceTree = "<group>"; };
		2169D10F2088292B0035DB7F /* MASUtilities.h */ = {isa = PBXFileReference; fileEncoding = 4; lastKnownFileType = sourcecode.c.h; path = MASUtilities.h; sourceTree = "<group>"; };
		2169D1102088292B0035DB7F /* MASViewAttribute.h */ = {isa = PBXFileReference; fileEncoding = 4; lastKnownFileType = sourcecode.c.h; path = MASViewAttribute.h; sourceTree = "<group>"; };
		2169D1112088292B0035DB7F /* MASViewAttribute.m */ = {isa = PBXFileReference; fileEncoding = 4; lastKnownFileType = sourcecode.c.objc; path = MASViewAttribute.m; sourceTree = "<group>"; };
		2169D1122088292B0035DB7F /* MASViewConstraint.h */ = {isa = PBXFileReference; fileEncoding = 4; lastKnownFileType = sourcecode.c.h; path = MASViewConstraint.h; sourceTree = "<group>"; };
		2169D1132088292B0035DB7F /* MASViewConstraint.m */ = {isa = PBXFileReference; fileEncoding = 4; lastKnownFileType = sourcecode.c.objc; path = MASViewConstraint.m; sourceTree = "<group>"; };
		2169D1142088292B0035DB7F /* NSArray+MASAdditions.h */ = {isa = PBXFileReference; fileEncoding = 4; lastKnownFileType = sourcecode.c.h; path = "NSArray+MASAdditions.h"; sourceTree = "<group>"; };
		2169D1152088292B0035DB7F /* NSArray+MASAdditions.m */ = {isa = PBXFileReference; fileEncoding = 4; lastKnownFileType = sourcecode.c.objc; path = "NSArray+MASAdditions.m"; sourceTree = "<group>"; };
		2169D1162088292B0035DB7F /* NSArray+MASShorthandAdditions.h */ = {isa = PBXFileReference; fileEncoding = 4; lastKnownFileType = sourcecode.c.h; path = "NSArray+MASShorthandAdditions.h"; sourceTree = "<group>"; };
		2169D1172088292B0035DB7F /* NSLayoutConstraint+MASDebugAdditions.h */ = {isa = PBXFileReference; fileEncoding = 4; lastKnownFileType = sourcecode.c.h; path = "NSLayoutConstraint+MASDebugAdditions.h"; sourceTree = "<group>"; };
		2169D1182088292B0035DB7F /* NSLayoutConstraint+MASDebugAdditions.m */ = {isa = PBXFileReference; fileEncoding = 4; lastKnownFileType = sourcecode.c.objc; path = "NSLayoutConstraint+MASDebugAdditions.m"; sourceTree = "<group>"; };
		2169D1192088292B0035DB7F /* View+MASAdditions.h */ = {isa = PBXFileReference; fileEncoding = 4; lastKnownFileType = sourcecode.c.h; path = "View+MASAdditions.h"; sourceTree = "<group>"; };
		2169D11A2088292B0035DB7F /* View+MASAdditions.m */ = {isa = PBXFileReference; fileEncoding = 4; lastKnownFileType = sourcecode.c.objc; path = "View+MASAdditions.m"; sourceTree = "<group>"; };
		2169D11B2088292B0035DB7F /* View+MASShorthandAdditions.h */ = {isa = PBXFileReference; fileEncoding = 4; lastKnownFileType = sourcecode.c.h; path = "View+MASShorthandAdditions.h"; sourceTree = "<group>"; };
		2169D11C2088292B0035DB7F /* ViewController+MASAdditions.h */ = {isa = PBXFileReference; fileEncoding = 4; lastKnownFileType = sourcecode.c.h; path = "ViewController+MASAdditions.h"; sourceTree = "<group>"; };
		2169D11D2088292B0035DB7F /* ViewController+MASAdditions.m */ = {isa = PBXFileReference; fileEncoding = 4; lastKnownFileType = sourcecode.c.objc; path = "ViewController+MASAdditions.m"; sourceTree = "<group>"; };
		2169D12C2088370E0035DB7F /* DockViewController.h */ = {isa = PBXFileReference; lastKnownFileType = sourcecode.c.h; path = DockViewController.h; sourceTree = "<group>"; };
		2169D12D2088370E0035DB7F /* DockViewController.m */ = {isa = PBXFileReference; lastKnownFileType = sourcecode.c.objc; path = DockViewController.m; sourceTree = "<group>"; };
		2169D12F20883FBF0035DB7F /* JSSplitViewController.m */ = {isa = PBXFileReference; fileEncoding = 4; lastKnownFileType = sourcecode.c.objc; path = JSSplitViewController.m; sourceTree = "<group>"; };
		2169D13020883FBF0035DB7F /* JSSplitViewController.h */ = {isa = PBXFileReference; fileEncoding = 4; lastKnownFileType = sourcecode.c.h; path = JSSplitViewController.h; sourceTree = "<group>"; };
		2169D1332088400B0035DB7F /* JSMasterViewController.h */ = {isa = PBXFileReference; fileEncoding = 4; lastKnownFileType = sourcecode.c.h; path = JSMasterViewController.h; sourceTree = "<group>"; };
		2169D1342088400B0035DB7F /* JSMasterButton.h */ = {isa = PBXFileReference; fileEncoding = 4; lastKnownFileType = sourcecode.c.h; path = JSMasterButton.h; sourceTree = "<group>"; };
		2169D1352088400B0035DB7F /* JSMasterButton.m */ = {isa = PBXFileReference; fileEncoding = 4; lastKnownFileType = sourcecode.c.objc; path = JSMasterButton.m; sourceTree = "<group>"; };
		2169D1362088400B0035DB7F /* JSDetailViewController.h */ = {isa = PBXFileReference; fileEncoding = 4; lastKnownFileType = sourcecode.c.h; path = JSDetailViewController.h; sourceTree = "<group>"; };
		2169D1372088400B0035DB7F /* JSDetailViewController.m */ = {isa = PBXFileReference; fileEncoding = 4; lastKnownFileType = sourcecode.c.objc; path = JSDetailViewController.m; sourceTree = "<group>"; };
		2169D1382088400B0035DB7F /* JSMasterViewController.m */ = {isa = PBXFileReference; fileEncoding = 4; lastKnownFileType = sourcecode.c.objc; path = JSMasterViewController.m; sourceTree = "<group>"; };
		2169D13E208840920035DB7F /* UIColor+RandomColor.h */ = {isa = PBXFileReference; fileEncoding = 4; lastKnownFileType = sourcecode.c.h; path = "UIColor+RandomColor.h"; sourceTree = "<group>"; };
		2169D13F208840920035DB7F /* UIColor+RandomColor.m */ = {isa = PBXFileReference; fileEncoding = 4; lastKnownFileType = sourcecode.c.objc; path = "UIColor+RandomColor.m"; sourceTree = "<group>"; };
		2169D141208840920035DB7F /* UIImage+Color.h */ = {isa = PBXFileReference; fileEncoding = 4; lastKnownFileType = sourcecode.c.h; path = "UIImage+Color.h"; sourceTree = "<group>"; };
		2169D142208840920035DB7F /* UIImage+Color.m */ = {isa = PBXFileReference; fileEncoding = 4; lastKnownFileType = sourcecode.c.objc; path = "UIImage+Color.m"; sourceTree = "<group>"; };
		2169D145208840EF0035DB7F /* JSMasterItem.h */ = {isa = PBXFileReference; fileEncoding = 4; lastKnownFileType = sourcecode.c.h; path = JSMasterItem.h; sourceTree = "<group>"; };
		2169D146208840EF0035DB7F /* JSMasterItem.m */ = {isa = PBXFileReference; fileEncoding = 4; lastKnownFileType = sourcecode.c.objc; path = JSMasterItem.m; sourceTree = "<group>"; };
		2169D149208842910035DB7F /* JSMasterViewModel.h */ = {isa = PBXFileReference; fileEncoding = 4; lastKnownFileType = sourcecode.c.h; path = JSMasterViewModel.h; sourceTree = "<group>"; };
		2169D14A208842910035DB7F /* JSMasterViewModel.m */ = {isa = PBXFileReference; fileEncoding = 4; lastKnownFileType = sourcecode.c.objc; path = JSMasterViewModel.m; sourceTree = "<group>"; };
		2169D14D208842CA0035DB7F /* JSComposeViewController.h */ = {isa = PBXFileReference; fileEncoding = 4; lastKnownFileType = sourcecode.c.h; path = JSComposeViewController.h; sourceTree = "<group>"; };
		2169D14E208842CA0035DB7F /* JSComposeViewController.m */ = {isa = PBXFileReference; fileEncoding = 4; lastKnownFileType = sourcecode.c.objc; path = JSComposeViewController.m; sourceTree = "<group>"; };
		2169D15420884A070035DB7F /* AdminModel.h */ = {isa = PBXFileReference; lastKnownFileType = sourcecode.c.h; path = AdminModel.h; sourceTree = "<group>"; };
		2169D15520884A070035DB7F /* AdminModel.m */ = {isa = PBXFileReference; lastKnownFileType = sourcecode.c.objc; path = AdminModel.m; sourceTree = "<group>"; };
		2169D15720884B630035DB7F /* LoginView.h */ = {isa = PBXFileReference; lastKnownFileType = sourcecode.c.h; path = LoginView.h; sourceTree = "<group>"; };
		2169D15820884B630035DB7F /* LoginView.m */ = {isa = PBXFileReference; lastKnownFileType = sourcecode.c.objc; path = LoginView.m; sourceTree = "<group>"; };
		2169D15A20884B710035DB7F /* LoginView.xib */ = {isa = PBXFileReference; lastKnownFileType = file.xib; path = LoginView.xib; sourceTree = "<group>"; };
		2169D15C20885A4E0035DB7F /* FixPasswordView.h */ = {isa = PBXFileReference; lastKnownFileType = sourcecode.c.h; path = FixPasswordView.h; sourceTree = "<group>"; };
		2169D15D20885A4E0035DB7F /* FixPasswordView.m */ = {isa = PBXFileReference; lastKnownFileType = sourcecode.c.objc; path = FixPasswordView.m; sourceTree = "<group>"; };
		2169D15F20885A540035DB7F /* FixPasswordView.xib */ = {isa = PBXFileReference; lastKnownFileType = file.xib; path = FixPasswordView.xib; sourceTree = "<group>"; };
		2169D16120885B1F0035DB7F /* UIStoryboard+Addition.h */ = {isa = PBXFileReference; fileEncoding = 4; lastKnownFileType = sourcecode.c.h; path = "UIStoryboard+Addition.h"; sourceTree = "<group>"; };
		2169D16220885B1F0035DB7F /* UIView+Create.m */ = {isa = PBXFileReference; fileEncoding = 4; lastKnownFileType = sourcecode.c.objc; path = "UIView+Create.m"; sourceTree = "<group>"; };
		2169D16320885B1F0035DB7F /* UIView+Create.h */ = {isa = PBXFileReference; fileEncoding = 4; lastKnownFileType = sourcecode.c.h; path = "UIView+Create.h"; sourceTree = "<group>"; };
		2169D16420885B1F0035DB7F /* UIViewController+Create.h */ = {isa = PBXFileReference; fileEncoding = 4; lastKnownFileType = sourcecode.c.h; path = "UIViewController+Create.h"; sourceTree = "<group>"; };
		2169D16520885B1F0035DB7F /* UIViewController+Create.m */ = {isa = PBXFileReference; fileEncoding = 4; lastKnownFileType = sourcecode.c.objc; path = "UIViewController+Create.m"; sourceTree = "<group>"; };
		2169D16620885B1F0035DB7F /* UIStoryboard+Addition.m */ = {isa = PBXFileReference; fileEncoding = 4; lastKnownFileType = sourcecode.c.objc; path = "UIStoryboard+Addition.m"; sourceTree = "<group>"; };
		21F1FD2C208732F9000C346D /* metting.app */ = {isa = PBXFileReference; explicitFileType = wrapper.application; includeInIndex = 0; path = metting.app; sourceTree = BUILT_PRODUCTS_DIR; };
		21F1FD2F208732F9000C346D /* AppDelegate.h */ = {isa = PBXFileReference; lastKnownFileType = sourcecode.c.h; path = AppDelegate.h; sourceTree = "<group>"; };
		21F1FD30208732F9000C346D /* AppDelegate.m */ = {isa = PBXFileReference; lastKnownFileType = sourcecode.c.objc; path = AppDelegate.m; sourceTree = "<group>"; };
		21F1FD32208732F9000C346D /* ViewController.h */ = {isa = PBXFileReference; lastKnownFileType = sourcecode.c.h; path = ViewController.h; sourceTree = "<group>"; };
		21F1FD33208732F9000C346D /* ViewController.m */ = {isa = PBXFileReference; lastKnownFileType = sourcecode.c.objc; path = ViewController.m; sourceTree = "<group>"; };
		21F1FD36208732F9000C346D /* Base */ = {isa = PBXFileReference; lastKnownFileType = file.storyboard; name = Base; path = Base.lproj/Main.storyboard; sourceTree = "<group>"; };
		21F1FD38208732FA000C346D /* Assets.xcassets */ = {isa = PBXFileReference; lastKnownFileType = folder.assetcatalog; path = Assets.xcassets; sourceTree = "<group>"; };
		21F1FD3B208732FA000C346D /* Base */ = {isa = PBXFileReference; lastKnownFileType = file.storyboard; name = Base; path = Base.lproj/LaunchScreen.storyboard; sourceTree = "<group>"; };
		21F1FD3D208732FA000C346D /* Info.plist */ = {isa = PBXFileReference; lastKnownFileType = text.plist.xml; path = Info.plist; sourceTree = "<group>"; };
		21F1FD3E208732FA000C346D /* main.m */ = {isa = PBXFileReference; lastKnownFileType = sourcecode.c.objc; path = main.m; sourceTree = "<group>"; };
		21F1FD4520873311000C346D /* Dock.h */ = {isa = PBXFileReference; lastKnownFileType = sourcecode.c.h; path = Dock.h; sourceTree = "<group>"; };
		21F1FD4620873311000C346D /* Dock.m */ = {isa = PBXFileReference; lastKnownFileType = sourcecode.c.objc; path = Dock.m; sourceTree = "<group>"; };
		21F1FD4B208733B3000C346D /* DockItem.h */ = {isa = PBXFileReference; lastKnownFileType = sourcecode.c.h; path = DockItem.h; sourceTree = "<group>"; };
		21F1FD4C208733B3000C346D /* DockItem.m */ = {isa = PBXFileReference; lastKnownFileType = sourcecode.c.objc; path = DockItem.m; sourceTree = "<group>"; };
		21F1FD4E20873C9B000C346D /* Config.h */ = {isa = PBXFileReference; lastKnownFileType = sourcecode.c.h; path = Config.h; sourceTree = "<group>"; };
		21F1FD52208744DE000C346D /* TabItem.h */ = {isa = PBXFileReference; lastKnownFileType = sourcecode.c.h; path = TabItem.h; sourceTree = "<group>"; };
		21F1FD53208744DE000C346D /* TabItem.m */ = {isa = PBXFileReference; lastKnownFileType = sourcecode.c.objc; path = TabItem.m; sourceTree = "<group>"; };
		21F1FD5520874BCB000C346D /* MainController.h */ = {isa = PBXFileReference; lastKnownFileType = sourcecode.c.h; path = MainController.h; sourceTree = "<group>"; };
		21F1FD5620874BCB000C346D /* MainController.m */ = {isa = PBXFileReference; lastKnownFileType = sourcecode.c.objc; path = MainController.m; sourceTree = "<group>"; };
		21F1FD7C20876508000C346D /* Tool.h */ = {isa = PBXFileReference; lastKnownFileType = sourcecode.c.h; path = Tool.h; sourceTree = "<group>"; };
		21F1FD7D20876508000C346D /* Tool.m */ = {isa = PBXFileReference; lastKnownFileType = sourcecode.c.objc; path = Tool.m; sourceTree = "<group>"; };
		21F1FD7F20876960000C346D /* PersonalCenterController.h */ = {isa = PBXFileReference; lastKnownFileType = sourcecode.c.h; path = PersonalCenterController.h; sourceTree = "<group>"; };
		21F1FD8020876960000C346D /* PersonalCenterController.m */ = {isa = PBXFileReference; lastKnownFileType = sourcecode.c.objc; path = PersonalCenterController.m; sourceTree = "<group>"; };
		21F1FD8120876960000C346D /* PersonalCenterController.xib */ = {isa = PBXFileReference; lastKnownFileType = file.xib; path = PersonalCenterController.xib; sourceTree = "<group>"; };
		21F1FD8420877416000C346D /* WaitingWorkController.h */ = {isa = PBXFileReference; lastKnownFileType = sourcecode.c.h; path = WaitingWorkController.h; sourceTree = "<group>"; };
		21F1FD8520877416000C346D /* WaitingWorkController.m */ = {isa = PBXFileReference; lastKnownFileType = sourcecode.c.objc; path = WaitingWorkController.m; sourceTree = "<group>"; };
		21F1FD8620877416000C346D /* WaitingWorkController.xib */ = {isa = PBXFileReference; lastKnownFileType = file.xib; path = WaitingWorkController.xib; sourceTree = "<group>"; };
		21F1FD8920877429000C346D /* WorkingController.h */ = {isa = PBXFileReference; lastKnownFileType = sourcecode.c.h; path = WorkingController.h; sourceTree = "<group>"; };
		21F1FD8A20877429000C346D /* WorkingController.m */ = {isa = PBXFileReference; lastKnownFileType = sourcecode.c.objc; path = WorkingController.m; sourceTree = "<group>"; };
		21F1FD8B20877429000C346D /* WorkingController.xib */ = {isa = PBXFileReference; lastKnownFileType = file.xib; path = WorkingController.xib; sourceTree = "<group>"; };
		21F1FD8E20877436000C346D /* MessageViewController.h */ = {isa = PBXFileReference; lastKnownFileType = sourcecode.c.h; path = MessageViewController.h; sourceTree = "<group>"; };
		21F1FD8F20877436000C346D /* MessageViewController.m */ = {isa = PBXFileReference; lastKnownFileType = sourcecode.c.objc; path = MessageViewController.m; sourceTree = "<group>"; };
		21F1FD9020877436000C346D /* MessageViewController.xib */ = {isa = PBXFileReference; lastKnownFileType = file.xib; path = MessageViewController.xib; sourceTree = "<group>"; };
/* End PBXFileReference section */

/* Begin PBXFrameworksBuildPhase section */
		21F1FD29208732F9000C346D /* Frameworks */ = {
			isa = PBXFrameworksBuildPhase;
			buildActionMask = 2147483647;
			files = (
			);
			runOnlyForDeploymentPostprocessing = 0;
		};
/* End PBXFrameworksBuildPhase section */

/* Begin PBXGroup section */
		2169D1032088292B0035DB7F /* Masonry */ = {
			isa = PBXGroup;
			children = (
				2169D1042088292B0035DB7F /* Info.plist */,
				2169D1052088292B0035DB7F /* MASCompositeConstraint.h */,
				2169D1062088292B0035DB7F /* MASCompositeConstraint.m */,
				2169D1072088292B0035DB7F /* MASConstraint+Private.h */,
				2169D1082088292B0035DB7F /* MASConstraint.h */,
				2169D1092088292B0035DB7F /* MASConstraint.m */,
				2169D10A2088292B0035DB7F /* MASConstraintMaker.h */,
				2169D10B2088292B0035DB7F /* MASConstraintMaker.m */,
				2169D10C2088292B0035DB7F /* MASLayoutConstraint.h */,
				2169D10D2088292B0035DB7F /* MASLayoutConstraint.m */,
				2169D10E2088292B0035DB7F /* Masonry.h */,
				2169D10F2088292B0035DB7F /* MASUtilities.h */,
				2169D1102088292B0035DB7F /* MASViewAttribute.h */,
				2169D1112088292B0035DB7F /* MASViewAttribute.m */,
				2169D1122088292B0035DB7F /* MASViewConstraint.h */,
				2169D1132088292B0035DB7F /* MASViewConstraint.m */,
				2169D1142088292B0035DB7F /* NSArray+MASAdditions.h */,
				2169D1152088292B0035DB7F /* NSArray+MASAdditions.m */,
				2169D1162088292B0035DB7F /* NSArray+MASShorthandAdditions.h */,
				2169D1172088292B0035DB7F /* NSLayoutConstraint+MASDebugAdditions.h */,
				2169D1182088292B0035DB7F /* NSLayoutConstraint+MASDebugAdditions.m */,
				2169D1192088292B0035DB7F /* View+MASAdditions.h */,
				2169D11A2088292B0035DB7F /* View+MASAdditions.m */,
				2169D11B2088292B0035DB7F /* View+MASShorthandAdditions.h */,
				2169D11C2088292B0035DB7F /* ViewController+MASAdditions.h */,
				2169D11D2088292B0035DB7F /* ViewController+MASAdditions.m */,
			);
			name = Masonry;
			path = "../../../Downloads/Masonry-master/Masonry";
			sourceTree = "<group>";
		};
		2169D13220883FF10035DB7F /* Dock */ = {
			isa = PBXGroup;
			children = (
				2169D145208840EF0035DB7F /* JSMasterItem.h */,
				2169D146208840EF0035DB7F /* JSMasterItem.m */,
				2169D13020883FBF0035DB7F /* JSSplitViewController.h */,
				2169D12F20883FBF0035DB7F /* JSSplitViewController.m */,
				2169D1362088400B0035DB7F /* JSDetailViewController.h */,
				2169D1372088400B0035DB7F /* JSDetailViewController.m */,
				2169D1342088400B0035DB7F /* JSMasterButton.h */,
				2169D1352088400B0035DB7F /* JSMasterButton.m */,
				2169D1332088400B0035DB7F /* JSMasterViewController.h */,
				2169D1382088400B0035DB7F /* JSMasterViewController.m */,
			);
			path = Dock;
			sourceTree = "<group>";
		};
		2169D13C208840920035DB7F /* Extension */ = {
			isa = PBXGroup;
			children = (
				2169D16120885B1F0035DB7F /* UIStoryboard+Addition.h */,
				2169D16620885B1F0035DB7F /* UIStoryboard+Addition.m */,
				2169D16320885B1F0035DB7F /* UIView+Create.h */,
				2169D16220885B1F0035DB7F /* UIView+Create.m */,
				2169D16420885B1F0035DB7F /* UIViewController+Create.h */,
				2169D16520885B1F0035DB7F /* UIViewController+Create.m */,
				2169D13D208840920035DB7F /* UIColor */,
				2169D140208840920035DB7F /* UIImage */,
			);
			path = Extension;
			sourceTree = "<group>";
		};
		2169D13D208840920035DB7F /* UIColor */ = {
			isa = PBXGroup;
			children = (
				2169D13E208840920035DB7F /* UIColor+RandomColor.h */,
				2169D13F208840920035DB7F /* UIColor+RandomColor.m */,
			);
			path = UIColor;
			sourceTree = "<group>";
		};
		2169D140208840920035DB7F /* UIImage */ = {
			isa = PBXGroup;
			children = (
				2169D141208840920035DB7F /* UIImage+Color.h */,
				2169D142208840920035DB7F /* UIImage+Color.m */,
			);
			path = UIImage;
			sourceTree = "<group>";
		};
		2169D148208842910035DB7F /* ViewModel */ = {
			isa = PBXGroup;
			children = (
				2169D149208842910035DB7F /* JSMasterViewModel.h */,
				2169D14A208842910035DB7F /* JSMasterViewModel.m */,
				2169D15420884A070035DB7F /* AdminModel.h */,
				2169D15520884A070035DB7F /* AdminModel.m */,
			);
			path = ViewModel;
			sourceTree = "<group>";
		};
		2169D14C208842CA0035DB7F /* Compose */ = {
			isa = PBXGroup;
			children = (
				2169D14D208842CA0035DB7F /* JSComposeViewController.h */,
				2169D14E208842CA0035DB7F /* JSComposeViewController.m */,
			);
			path = Compose;
			sourceTree = "<group>";
		};
		2169D1502088487D0035DB7F /* personalCenter */ = {
			isa = PBXGroup;
			children = (
				21F1FD7F20876960000C346D /* PersonalCenterController.h */,
				21F1FD8020876960000C346D /* PersonalCenterController.m */,
				21F1FD8120876960000C346D /* PersonalCenterController.xib */,
				2169D15720884B630035DB7F /* LoginView.h */,
				2169D15820884B630035DB7F /* LoginView.m */,
				2169D15A20884B710035DB7F /* LoginView.xib */,
				2169D15C20885A4E0035DB7F /* FixPasswordView.h */,
				2169D15D20885A4E0035DB7F /* FixPasswordView.m */,
				2169D15F20885A540035DB7F /* FixPasswordView.xib */,
			);
			path = personalCenter;
			sourceTree = "<group>";
		};
		2169D151208848830035DB7F /* waitingWork */ = {
			isa = PBXGroup;
			children = (
				21F1FD8420877416000C346D /* WaitingWorkController.h */,
				21F1FD8520877416000C346D /* WaitingWorkController.m */,
				21F1FD8620877416000C346D /* WaitingWorkController.xib */,
			);
			path = waitingWork;
			sourceTree = "<group>";
		};
		2169D152208848870035DB7F /* working */ = {
			isa = PBXGroup;
			children = (
				21F1FD8920877429000C346D /* WorkingController.h */,
				21F1FD8A20877429000C346D /* WorkingController.m */,
				21F1FD8B20877429000C346D /* WorkingController.xib */,
			);
			path = working;
			sourceTree = "<group>";
		};
		2169D1532088488A0035DB7F /* message */ = {
			isa = PBXGroup;
			children = (
				21F1FD8E20877436000C346D /* MessageViewController.h */,
				21F1FD8F20877436000C346D /* MessageViewController.m */,
				21F1FD9020877436000C346D /* MessageViewController.xib */,
			);
			path = message;
			sourceTree = "<group>";
		};
		21F1FD23208732F9000C346D = {
			isa = PBXGroup;
			children = (
				21F1FD2E208732F9000C346D /* metting */,
				21F1FD2D208732F9000C346D /* Products */,
			);
			sourceTree = "<group>";
		};
		21F1FD2D208732F9000C346D /* Products */ = {
			isa = PBXGroup;
			children = (
				21F1FD2C208732F9000C346D /* metting.app */,
			);
			name = Products;
			sourceTree = "<group>";
		};
		21F1FD2E208732F9000C346D /* metting */ = {
			isa = PBXGroup;
			children = (
				2169D1032088292B0035DB7F /* Masonry */,
				21F1FD2F208732F9000C346D /* AppDelegate.h */,
				21F1FD30208732F9000C346D /* AppDelegate.m */,
				2169D14C208842CA0035DB7F /* Compose */,
				2169D148208842910035DB7F /* ViewModel */,
				2169D13C208840920035DB7F /* Extension */,
				2169D13220883FF10035DB7F /* Dock */,
				21F1FD32208732F9000C346D /* ViewController.h */,
				2169D1532088488A0035DB7F /* message */,
				2169D152208848870035DB7F /* working */,
				2169D151208848830035DB7F /* waitingWork */,
				2169D1502088487D0035DB7F /* personalCenter */,
				21F1FD33208732F9000C346D /* ViewController.m */,
				2169D12C2088370E0035DB7F /* DockViewController.h */,
				2169D12D2088370E0035DB7F /* DockViewController.m */,
				21F1FD5520874BCB000C346D /* MainController.h */,
				21F1FD5620874BCB000C346D /* MainController.m */,
				21F1FD4520873311000C346D /* Dock.h */,
				21F1FD4620873311000C346D /* Dock.m */,
				21F1FD4E20873C9B000C346D /* Config.h */,
				21F1FD4B208733B3000C346D /* DockItem.h */,
				21F1FD4C208733B3000C346D /* DockItem.m */,
				21F1FD52208744DE000C346D /* TabItem.h */,
				21F1FD53208744DE000C346D /* TabItem.m */,
				21F1FD7C20876508000C346D /* Tool.h */,
				21F1FD7D20876508000C346D /* Tool.m */,
				21F1FD35208732F9000C346D /* Main.storyboard */,
				21F1FD38208732FA000C346D /* Assets.xcassets */,
				21F1FD3A208732FA000C346D /* LaunchScreen.storyboard */,
				21F1FD3D208732FA000C346D /* Info.plist */,
				21F1FD3E208732FA000C346D /* main.m */,
			);
			path = metting;
			sourceTree = "<group>";
		};
/* End PBXGroup section */

/* Begin PBXNativeTarget section */
		21F1FD2B208732F9000C346D /* metting */ = {
			isa = PBXNativeTarget;
			buildConfigurationList = 21F1FD42208732FA000C346D /* Build configuration list for PBXNativeTarget "metting" */;
			buildPhases = (
				21F1FD28208732F9000C346D /* Sources */,
				21F1FD29208732F9000C346D /* Frameworks */,
				21F1FD2A208732F9000C346D /* Resources */,
			);
			buildRules = (
			);
			dependencies = (
			);
			name = metting;
			productName = metting;
			productReference = 21F1FD2C208732F9000C346D /* metting.app */;
			productType = "com.apple.product-type.application";
		};
/* End PBXNativeTarget section */

/* Begin PBXProject section */
		21F1FD24208732F9000C346D /* Project object */ = {
			isa = PBXProject;
			attributes = {
				LastUpgradeCheck = 0930;
				ORGANIZATIONNAME = Feng;
				TargetAttributes = {
					21F1FD2B208732F9000C346D = {
						CreatedOnToolsVersion = 9.3;
					};
				};
			};
			buildConfigurationList = 21F1FD27208732F9000C346D /* Build configuration list for PBXProject "metting" */;
			compatibilityVersion = "Xcode 9.3";
			developmentRegion = en;
			hasScannedForEncodings = 0;
			knownRegions = (
				en,
				Base,
			);
			mainGroup = 21F1FD23208732F9000C346D;
			productRefGroup = 21F1FD2D208732F9000C346D /* Products */;
			projectDirPath = "";
			projectRoot = "";
			targets = (
				21F1FD2B208732F9000C346D /* metting */,
			);
		};
/* End PBXProject section */

/* Begin PBXResourcesBuildPhase section */
		21F1FD2A208732F9000C346D /* Resources */ = {
			isa = PBXResourcesBuildPhase;
			buildActionMask = 2147483647;
			files = (
				2169D11E2088292B0035DB7F /* Info.plist in Resources */,
				21F1FD3C208732FA000C346D /* LaunchScreen.storyboard in Resources */,
				2169D15B20884B710035DB7F /* LoginView.xib in Resources */,
				21F1FD39208732FA000C346D /* Assets.xcassets in Resources */,
				21F1FD8820877416000C346D /* WaitingWorkController.xib in Resources */,
				21F1FD9220877436000C346D /* MessageViewController.xib in Resources */,
				21F1FD8D20877429000C346D /* WorkingController.xib in Resources */,
				21F1FD8320876960000C346D /* PersonalCenterController.xib in Resources */,
				21F1FD37208732F9000C346D /* Main.storyboard in Resources */,
				2169D16020885A540035DB7F /* FixPasswordView.xib in Resources */,
			);
			runOnlyForDeploymentPostprocessing = 0;
		};
/* End PBXResourcesBuildPhase section */

/* Begin PBXSourcesBuildPhase section */
		21F1FD28208732F9000C346D /* Sources */ = {
			isa = PBXSourcesBuildPhase;
			buildActionMask = 2147483647;
			files = (
				2169D12E2088370E0035DB7F /* DockViewController.m in Sources */,
				21F1FD54208744DE000C346D /* TabItem.m in Sources */,
				2169D13120883FC00035DB7F /* JSSplitViewController.m in Sources */,
				2169D1252088292B0035DB7F /* NSArray+MASAdditions.m in Sources */,
				2169D143208840920035DB7F /* UIColor+RandomColor.m in Sources */,
				21F1FD34208732F9000C346D /* ViewController.m in Sources */,
				2169D16920885B1F0035DB7F /* UIStoryboard+Addition.m in Sources */,
				2169D14F208842CA0035DB7F /* JSComposeViewController.m in Sources */,
				2169D1262088292B0035DB7F /* NSLayoutConstraint+MASDebugAdditions.m in Sources */,
				21F1FD3F208732FA000C346D /* main.m in Sources */,
				21F1FD8720877416000C346D /* WaitingWorkController.m in Sources */,
				2169D1392088400B0035DB7F /* JSMasterButton.m in Sources */,
				2169D1232088292B0035DB7F /* MASViewAttribute.m in Sources */,
				2169D13A2088400B0035DB7F /* JSDetailViewController.m in Sources */,
				2169D14B208842910035DB7F /* JSMasterViewModel.m in Sources */,
				2169D1222088292B0035DB7F /* MASLayoutConstraint.m in Sources */,
				2169D11F2088292B0035DB7F /* MASCompositeConstraint.m in Sources */,
				21F1FD4720873311000C346D /* Dock.m in Sources */,
				21F1FD9120877436000C346D /* MessageViewController.m in Sources */,
				2169D15E20885A4E0035DB7F /* FixPasswordView.m in Sources */,
				2169D1242088292B0035DB7F /* MASViewConstraint.m in Sources */,
				21F1FD4D208733B3000C346D /* DockItem.m in Sources */,
				21F1FD8C20877429000C346D /* WorkingController.m in Sources */,
				21F1FD8220876960000C346D /* PersonalCenterController.m in Sources */,
				21F1FD5720874BCB000C346D /* MainController.m in Sources */,
				2169D1282088292B0035DB7F /* ViewController+MASAdditions.m in Sources */,
				2169D15920884B630035DB7F /* LoginView.m in Sources */,
				2169D1212088292B0035DB7F /* MASConstraintMaker.m in Sources */,
				21F1FD7E20876508000C346D /* Tool.m in Sources */,
				2169D144208840920035DB7F /* UIImage+Color.m in Sources */,
				2169D1202088292B0035DB7F /* MASConstraint.m in Sources */,
				2169D16720885B1F0035DB7F /* UIView+Create.m in Sources */,
				21F1FD31208732F9000C346D /* AppDelegate.m in Sources */,
				2169D15620884A070035DB7F /* AdminModel.m in Sources */,
				2169D147208840F00035DB7F /* JSMasterItem.m in Sources */,
				2169D13B2088400B0035DB7F /* JSMasterViewController.m in Sources */,
				2169D1272088292B0035DB7F /* View+MASAdditions.m in Sources */,
				2169D16820885B1F0035DB7F /* UIViewController+Create.m in Sources */,
			);
			runOnlyForDeploymentPostprocessing = 0;
		};
/* End PBXSourcesBuildPhase section */

/* Begin PBXVariantGroup section */
		21F1FD35208732F9000C346D /* Main.storyboard */ = {
			isa = PBXVariantGroup;
			children = (
				21F1FD36208732F9000C346D /* Base */,
			);
			name = Main.storyboard;
			sourceTree = "<group>";
		};
		21F1FD3A208732FA000C346D /* LaunchScreen.storyboard */ = {
			isa = PBXVariantGroup;
			children = (
				21F1FD3B208732FA000C346D /* Base */,
			);
			name = LaunchScreen.storyboard;
			sourceTree = "<group>";
		};
/* End PBXVariantGroup section */

/* Begin XCBuildConfiguration section */
		21F1FD40208732FA000C346D /* Debug */ = {
			isa = XCBuildConfiguration;
			buildSettings = {
				ALWAYS_SEARCH_USER_PATHS = NO;
				CLANG_ANALYZER_NONNULL = YES;
				CLANG_ANALYZER_NUMBER_OBJECT_CONVERSION = YES_AGGRESSIVE;
				CLANG_CXX_LANGUAGE_STANDARD = "gnu++14";
				CLANG_CXX_LIBRARY = "libc++";
				CLANG_ENABLE_MODULES = YES;
				CLANG_ENABLE_OBJC_ARC = YES;
				CLANG_ENABLE_OBJC_WEAK = YES;
				CLANG_WARN_BLOCK_CAPTURE_AUTORELEASING = YES;
				CLANG_WARN_BOOL_CONVERSION = YES;
				CLANG_WARN_COMMA = YES;
				CLANG_WARN_CONSTANT_CONVERSION = YES;
				CLANG_WARN_DEPRECATED_OBJC_IMPLEMENTATIONS = YES;
				CLANG_WARN_DIRECT_OBJC_ISA_USAGE = YES_ERROR;
				CLANG_WARN_DOCUMENTATION_COMMENTS = YES;
				CLANG_WARN_EMPTY_BODY = YES;
				CLANG_WARN_ENUM_CONVERSION = YES;
				CLANG_WARN_INFINITE_RECURSION = YES;
				CLANG_WARN_INT_CONVERSION = YES;
				CLANG_WARN_NON_LITERAL_NULL_CONVERSION = YES;
				CLANG_WARN_OBJC_IMPLICIT_RETAIN_SELF = YES;
				CLANG_WARN_OBJC_LITERAL_CONVERSION = YES;
				CLANG_WARN_OBJC_ROOT_CLASS = YES_ERROR;
				CLANG_WARN_RANGE_LOOP_ANALYSIS = YES;
				CLANG_WARN_STRICT_PROTOTYPES = YES;
				CLANG_WARN_SUSPICIOUS_MOVE = YES;
				CLANG_WARN_UNGUARDED_AVAILABILITY = YES_AGGRESSIVE;
				CLANG_WARN_UNREACHABLE_CODE = YES;
				CLANG_WARN__DUPLICATE_METHOD_MATCH = YES;
				CODE_SIGN_IDENTITY = "iPhone Developer";
				COPY_PHASE_STRIP = NO;
				DEBUG_INFORMATION_FORMAT = dwarf;
				ENABLE_STRICT_OBJC_MSGSEND = YES;
				ENABLE_TESTABILITY = YES;
				GCC_C_LANGUAGE_STANDARD = gnu11;
				GCC_DYNAMIC_NO_PIC = NO;
				GCC_NO_COMMON_BLOCKS = YES;
				GCC_OPTIMIZATION_LEVEL = 0;
				GCC_PREPROCESSOR_DEFINITIONS = (
					"DEBUG=1",
					"$(inherited)",
				);
				GCC_WARN_64_TO_32_BIT_CONVERSION = YES;
				GCC_WARN_ABOUT_RETURN_TYPE = YES_ERROR;
				GCC_WARN_UNDECLARED_SELECTOR = YES;
				GCC_WARN_UNINITIALIZED_AUTOS = YES_AGGRESSIVE;
				GCC_WARN_UNUSED_FUNCTION = YES;
				GCC_WARN_UNUSED_VARIABLE = YES;
				IPHONEOS_DEPLOYMENT_TARGET = 11.3;
				MTL_ENABLE_DEBUG_INFO = YES;
				ONLY_ACTIVE_ARCH = YES;
				SDKROOT = iphoneos;
			};
			name = Debug;
		};
		21F1FD41208732FA000C346D /* Release */ = {
			isa = XCBuildConfiguration;
			buildSettings = {
				ALWAYS_SEARCH_USER_PATHS = NO;
				CLANG_ANALYZER_NONNULL = YES;
				CLANG_ANALYZER_NUMBER_OBJECT_CONVERSION = YES_AGGRESSIVE;
				CLANG_CXX_LANGUAGE_STANDARD = "gnu++14";
				CLANG_CXX_LIBRARY = "libc++";
				CLANG_ENABLE_MODULES = YES;
				CLANG_ENABLE_OBJC_ARC = YES;
				CLANG_ENABLE_OBJC_WEAK = YES;
				CLANG_WARN_BLOCK_CAPTURE_AUTORELEASING = YES;
				CLANG_WARN_BOOL_CONVERSION = YES;
				CLANG_WARN_COMMA = YES;
				CLANG_WARN_CONSTANT_CONVERSION = YES;
				CLANG_WARN_DEPRECATED_OBJC_IMPLEMENTATIONS = YES;
				CLANG_WARN_DIRECT_OBJC_ISA_USAGE = YES_ERROR;
				CLANG_WARN_DOCUMENTATION_COMMENTS = YES;
				CLANG_WARN_EMPTY_BODY = YES;
				CLANG_WARN_ENUM_CONVERSION = YES;
				CLANG_WARN_INFINITE_RECURSION = YES;
				CLANG_WARN_INT_CONVERSION = YES;
				CLANG_WARN_NON_LITERAL_NULL_CONVERSION = YES;
				CLANG_WARN_OBJC_IMPLICIT_RETAIN_SELF = YES;
				CLANG_WARN_OBJC_LITERAL_CONVERSION = YES;
				CLANG_WARN_OBJC_ROOT_CLASS = YES_ERROR;
				CLANG_WARN_RANGE_LOOP_ANALYSIS = YES;
				CLANG_WARN_STRICT_PROTOTYPES = YES;
				CLANG_WARN_SUSPICIOUS_MOVE = YES;
				CLANG_WARN_UNGUARDED_AVAILABILITY = YES_AGGRESSIVE;
				CLANG_WARN_UNREACHABLE_CODE = YES;
				CLANG_WARN__DUPLICATE_METHOD_MATCH = YES;
				CODE_SIGN_IDENTITY = "iPhone Developer";
				COPY_PHASE_STRIP = NO;
				DEBUG_INFORMATION_FORMAT = "dwarf-with-dsym";
				ENABLE_NS_ASSERTIONS = NO;
				ENABLE_STRICT_OBJC_MSGSEND = YES;
				GCC_C_LANGUAGE_STANDARD = gnu11;
				GCC_NO_COMMON_BLOCKS = YES;
				GCC_WARN_64_TO_32_BIT_CONVERSION = YES;
				GCC_WARN_ABOUT_RETURN_TYPE = YES_ERROR;
				GCC_WARN_UNDECLARED_SELECTOR = YES;
				GCC_WARN_UNINITIALIZED_AUTOS = YES_AGGRESSIVE;
				GCC_WARN_UNUSED_FUNCTION = YES;
				GCC_WARN_UNUSED_VARIABLE = YES;
				IPHONEOS_DEPLOYMENT_TARGET = 11.3;
				MTL_ENABLE_DEBUG_INFO = NO;
				SDKROOT = iphoneos;
				VALIDATE_PRODUCT = YES;
			};
			name = Release;
		};
		21F1FD43208732FA000C346D /* Debug */ = {
			isa = XCBuildConfiguration;
			buildSettings = {
				ASSETCATALOG_COMPILER_APPICON_NAME = AppIcon;
				CODE_SIGN_STYLE = Automatic;
				DEVELOPMENT_TEAM = 978KGC2P9J;
				INFOPLIST_FILE = metting/Info.plist;
				LD_RUNPATH_SEARCH_PATHS = (
					"$(inherited)",
					"@executable_path/Frameworks",
				);
				PRODUCT_BUNDLE_IDENTIFIER = com.feng.metting;
				PRODUCT_NAME = "$(TARGET_NAME)";
				TARGETED_DEVICE_FAMILY = 2;
			};
			name = Debug;
		};
		21F1FD44208732FA000C346D /* Release */ = {
			isa = XCBuildConfiguration;
			buildSettings = {
				ASSETCATALOG_COMPILER_APPICON_NAME = AppIcon;
				CODE_SIGN_STYLE = Automatic;
				DEVELOPMENT_TEAM = 978KGC2P9J;
				INFOPLIST_FILE = metting/Info.plist;
				LD_RUNPATH_SEARCH_PATHS = (
					"$(inherited)",
					"@executable_path/Frameworks",
				);
				PRODUCT_BUNDLE_IDENTIFIER = com.feng.metting;
				PRODUCT_NAME = "$(TARGET_NAME)";
				TARGETED_DEVICE_FAMILY = 2;
			};
			name = Release;
		};
/* End XCBuildConfiguration section */

/* Begin XCConfigurationList section */
		21F1FD27208732F9000C346D /* Build configuration list for PBXProject "metting" */ = {
			isa = XCConfigurationList;
			buildConfigurations = (
				21F1FD40208732FA000C346D /* Debug */,
				21F1FD41208732FA000C346D /* Release */,
			);
			defaultConfigurationIsVisible = 0;
			defaultConfigurationName = Release;
		};
		21F1FD42208732FA000C346D /* Build configuration list for PBXNativeTarget "metting" */ = {
			isa = XCConfigurationList;
			buildConfigurations = (
				21F1FD43208732FA000C346D /* Debug */,
				21F1FD44208732FA000C346D /* Release */,
			);
			defaultConfigurationIsVisible = 0;
			defaultConfigurationName = Release;
		};
/* End XCConfigurationList section */
	};
	rootObject = 21F1FD24208732F9000C346D /* Project object */;
}
